lockfileVersion: '9.0'

settings:
  autoInstallPeers: true
  excludeLinksFromLockfile: false

importers:

  .:
    devDependencies:
      '@mysten/prettier-plugin-move':
        specifier: ^0.3.5
        version: 0.3.5
      prettier:
        specifier: ^3.3.2
        version: 3.8.1

packages:

  '@mysten/prettier-plugin-move@0.3.5':
    resolution: {integrity: sha512-PkYZkaH14OAy4S10o4SLl0odGgDHiaILEADiU06gj/MzYZAYq3wh4uCZCO8haX/Xyh2p6NfVy1sihMnUmRnE1g==}
    hasBin: true

  prettier@3.8.1:
    resolution: {integrity: sha512-UOnG6LftzbdaHZcKoPFtOcCKztrQ57WkHDeRD9t/PTQtmT0NHSeWWepj6pS0z/N7+08BHFDQVUrfmfMRcZwbMg==}
    engines: {node: '>=14'}
    hasBin: true

  web-tree-sitter@0.20.8:
    resolution: {integrity: sha512-weOVgZ3aAARgdnb220GqYuh7+rZU0Ka9k9yfKtGAzEYMa6GgiCzW9JjQRJyCJakvibQW+dfjJdihjInKuuCAUQ==}

snapshots:

  '@mysten/prettier-plugin-move@0.3.5':
    dependencies:
      prettier: 3.8.1
      web-tree-sitter: 0.20.8

  prettier@3.8.1: {}

  web-tree-sitter@0.20.8: {}
